{
  "name": "angularjs_study",
  "version": "1.0.0",
  "lockfileVersion": 2,
  "requires": true,
  "packages": {
    "": {
      "name": "angularjs_study",
      "version": "1.0.0",
      "license": "MIT",
      "dependencies": {
        "angular-bootstrap-starter": "^1.0.1",
        "angularjs": "0.0.1",
        "bower": "^1.8.12",
        "nodejs": "0.0.0"
      }
    },
    "node_modules/angular-bootstrap-starter": {
      "version": "1.0.1",
      "resolved": "https://registry.npmjs.org/angular-bootstrap-starter/-/angular-bootstrap-starter-1.0.1.tgz",
      "integrity": "sha1-Tm+EmjQbtMwL7iuC79VGqdzkypg="
    },
    "node_modules/angularjs": {
      "version": "0.0.1",
      "resolved": "https://registry.npmjs.org/angularjs/-/angularjs-0.0.1.tgz",
      "integrity": "sha1-SW9QxxQVFedB6pdt6JHe8IOLPxk="
    },
    "node_modules/bower": {
      "version": "1.8.12",
      "resolved": "https://registry.npmjs.org/bower/-/bower-1.8.12.tgz",
      "integrity": "sha512-u1xy9SrwwoPlgjuHNjhV+YUPVdqyBj2ALBxuzeIUKXaPI2i2xypGgxqXkuHcITGdi5yBj5JuXgyMvgiWiS1S3Q==",
      "bin": {
        "bower": "bin/bower"
      },
      "engines": {
        "node": ">=0.10.0"
      }
    },
    "node_modules/nodejs": {
      "version": "0.0.0",
      "resolved": "https://registry.npmjs.org/nodejs/-/nodejs-0.0.0.tgz",
      "integrity": "sha1-RyL6LhisTrc6Qq4W0B41hKErdTE="
    }
  },
  "dependencies": {
    "angular-bootstrap-starter": {
      "version": "1.0.1",
      "resolved": "https://registry.npmjs.org/angular-bootstrap-starter/-/angular-bootstrap-starter-1.0.1.tgz",
      "integrity": "sha1-Tm+EmjQbtMwL7iuC79VGqdzkypg="
    },
    "angularjs": {
      "version": "0.0.1",
      "resolved": "https://registry.npmjs.org/angularjs/-/angularjs-0.0.1.tgz",
      "integrity": "sha1-SW9QxxQVFedB6pdt6JHe8IOLPxk="
    },
    "bower": {
      "version": "1.8.12",
      "resolved": "https://registry.npmjs.org/bower/-/bower-1.8.12.tgz",
      "integrity": "sha512-u1xy9SrwwoPlgjuHNjhV+YUPVdqyBj2ALBxuzeIUKXaPI2i2xypGgxqXkuHcITGdi5yBj5JuXgyMvgiWiS1S3Q=="
    },
    "nodejs": {
      "version": "0.0.0",
      "resolved": "https://registry.npmjs.org/nodejs/-/nodejs-0.0.0.tgz",
      "integrity": "sha1-RyL6LhisTrc6Qq4W0B41hKErdTE="
    }
  }
}
